metadata:
  version: "1.0"
artifacts:
  - download_url: https://indy.corp.redhat.com/api/content/maven/hosted/pnc-builds/com/ibm/watson/model-mesh/0.4.2.managedsvc-redhat-01290/model-mesh-0.4.2.managedsvc-redhat-01290.zip
    checksums: sha256:0b4ef9be19f78259c7305591dd75bfdef303377a125fc59b96c9e46413c2c058
